
Microsoft Visual Studio Solution File, Format Version 12.00
# Visual Studio Version 16
VisualStudioVersion = 16.0.30011.22
MinimumVisualStudioVersion = 10.0.40219.1
Project("{9A19103F-16F7-4668-BE54-9A1E7A4F7556}") = "cybersoft_task", "cybersoft_task\cybersoft_task.csproj", "{33E28A41-A90B-4F6F-AF86-28C1EE4BAE5A}"
EndProject
Project("{FAE04EC0-301F-11D3-BF4B-00C04F79EFBC}") = "BL", "BL\BL.csproj", "{A553E9A4-4A95-4A4C-BE5B-BFCB2748E76C}"
EndProject
Project("{FAE04EC0-301F-11D3-BF4B-00C04F79EFBC}") = "CL", "CL\CL.csproj", "{5F6ADA7E-0593-48CD-83B1-14101B3DB4D3}"
EndProject
Global
	GlobalSection(SolutionConfigurationPlatforms) = preSolution
		Debug|Any CPU = Debug|Any CPU
		Release|Any CPU = Release|Any CPU
	EndGlobalSection
	GlobalSection(ProjectConfigurationPlatforms) = postSolution
		{33E28A41-A90B-4F6F-AF86-28C1EE4BAE5A}.Debug|Any CPU.ActiveCfg = Debug|Any CPU
		{33E28A41-A90B-4F6F-AF86-28C1EE4BAE5A}.Debug|Any CPU.Build.0 = Debug|Any CPU
		{33E28A41-A90B-4F6F-AF86-28C1EE4BAE5A}.Release|Any CPU.ActiveCfg = Release|Any CPU
		{33E28A41-A90B-4F6F-AF86-28C1EE4BAE5A}.Release|Any CPU.Build.0 = Release|Any CPU
		{A553E9A4-4A95-4A4C-BE5B-BFCB2748E76C}.Debug|Any CPU.ActiveCfg = Debug|Any CPU
		{A553E9A4-4A95-4A4C-BE5B-BFCB2748E76C}.Debug|Any CPU.Build.0 = Debug|Any CPU
		{A553E9A4-4A95-4A4C-BE5B-BFCB2748E76C}.Release|Any CPU.ActiveCfg = Release|Any CPU
		{A553E9A4-4A95-4A4C-BE5B-BFCB2748E76C}.Release|Any CPU.Build.0 = Release|Any CPU
		{5F6ADA7E-0593-48CD-83B1-14101B3DB4D3}.Debug|Any CPU.ActiveCfg = Debug|Any CPU
		{5F6ADA7E-0593-48CD-83B1-14101B3DB4D3}.Debug|Any CPU.Build.0 = Debug|Any CPU
		{5F6ADA7E-0593-48CD-83B1-14101B3DB4D3}.Release|Any CPU.ActiveCfg = Release|Any CPU
		{5F6ADA7E-0593-48CD-83B1-14101B3DB4D3}.Release|Any CPU.Build.0 = Release|Any CPU
	EndGlobalSection
	GlobalSection(SolutionProperties) = preSolution
		HideSolutionNode = FALSE
	EndGlobalSection
	GlobalSection(ExtensibilityGlobals) = postSolution
		SolutionGuid = {E9983FAA-E9A0-4B70-B32B-4E8396F85CF5}
	EndGlobalSection
EndGlobal
